
Microsoft Visual Studio Solution File, Format Version 12.00
# Visual Studio 15
VisualStudioVersion = 15.0.27004.2002
MinimumVisualStudioVersion = 10.0.40219.1
Project("{FAE04EC0-301F-11D3-BF4B-00C04F79EFBC}") = "VSHelloWorld_140221032", "VSHelloWorld_140221032\VSHelloWorld_140221032.csproj", "{ECEC5887-4292-4D3B-AC3B-23B021AFC057}"
EndProject
Global
	GlobalSection(SolutionConfigurationPlatforms) = preSolution
		Debug|Any CPU = Debug|Any CPU
		Release|Any CPU = Release|Any CPU
	EndGlobalSection
	GlobalSection(ProjectConfigurationPlatforms) = postSolution
		{ECEC5887-4292-4D3B-AC3B-23B021AFC057}.Debug|Any CPU.ActiveCfg = Debug|Any CPU
		{ECEC5887-4292-4D3B-AC3B-23B021AFC057}.Debug|Any CPU.Build.0 = Debug|Any CPU
		{ECEC5887-4292-4D3B-AC3B-23B021AFC057}.Release|Any CPU.ActiveCfg = Release|Any CPU
		{ECEC5887-4292-4D3B-AC3B-23B021AFC057}.Release|Any CPU.Build.0 = Release|Any CPU
	EndGlobalSection
	GlobalSection(SolutionProperties) = preSolution
		HideSolutionNode = FALSE
	EndGlobalSection
	GlobalSection(ExtensibilityGlobals) = postSolution
		SolutionGuid = {D3DD2B50-C432-4784-A3EA-88B84D72C808}
	EndGlobalSection
EndGlobal
